
Microsoft Visual Studio Solution File, Format Version 12.00
# Visual Studio Version 17
VisualStudioVersion = 17.4.33110.190
MinimumVisualStudioVersion = 10.0.40219.1
Project("{FAE04EC0-301F-11D3-BF4B-00C04F79EFBC}") = "RemoteAnalyst.BusinessLogic", "RemoteAnalyst.BusinessLogic\RemoteAnalyst.BusinessLogic.csproj", "{0B0E0925-0AC7-4CEA-99BF-1F82356E8D4A}"
EndProject
Project("{FAE04EC0-301F-11D3-BF4B-00C04F79EFBC}") = "RemoteAnalyst.Repository", "RemoteAnalyst.Repository\RemoteAnalyst.Repository.csproj", "{D3388DBE-300F-486A-807B-01B8AEEBF82F}"
EndProject
Project("{FAE04EC0-301F-11D3-BF4B-00C04F79EFBC}") = "RemoteAnalyst.UWSLoader", "RemoteAnalyst.UWSLoader\RemoteAnalyst.UWSLoader.csproj", "{34A134BE-9724-46DC-83FF-75FF6B8E1B68}"
EndProject
Project("{FAE04EC0-301F-11D3-BF4B-00C04F79EFBC}") = "RemoteAnalyst.Scheduler", "RemoteAnalyst.Scheduler\RemoteAnalyst.Scheduler.csproj", "{A4995401-AE7D-4B32-BE98-989459126435}"
EndProject
Project("{FAE04EC0-301F-11D3-BF4B-00C04F79EFBC}") = "RemoteAnalyst.ReportGenerator", "RemoteAnalyst.ReportGenerator\RemoteAnalyst.ReportGenerator.csproj", "{C0843787-E291-4CE5-9D30-48B6A4C94B95}"
EndProject
Project("{FAE04EC0-301F-11D3-BF4B-00C04F79EFBC}") = "RemoteAnalyst.AWS", "RemoteAnalyst.AWS\RemoteAnalyst.AWS.csproj", "{A4DB3A6A-7959-4517-844B-4D00AE09436C}"
EndProject
Project("{FAE04EC0-301F-11D3-BF4B-00C04F79EFBC}") = "RemoteAnalyst.UWSRelay", "RemoteAnalyst.UWSRelay\RemoteAnalyst.UWSRelay.csproj", "{08438C69-0B0D-4253-B35B-5D766B3F2326}"
EndProject
Project("{FAE04EC0-301F-11D3-BF4B-00C04F79EFBC}") = "RemoteAnalyst.Trigger", "RemoteAnalyst.Trigger\RemoteAnalyst.Trigger.csproj", "{343AFAF8-A59F-43AD-83F7-FD9D40C0D616}"
EndProject
Project("{FAE04EC0-301F-11D3-BF4B-00C04F79EFBC}") = "RemoteAnalyst.TRANSMON", "RemoteAnalyst.TransMon\RemoteAnalyst.TRANSMON.csproj", "{C02D9734-C159-41A4-9BAF-6482FE551638}"
EndProject
Project("{FAE04EC0-301F-11D3-BF4B-00C04F79EFBC}") = "RemoteAnalyst.FTPRelay", "RemoteAnalyst.FTPRelay\RemoteAnalyst.FTPRelay.csproj", "{5CB17299-A49B-4700-BA82-B7AB8C2EF38D}"
EndProject
Project("{2150E333-8FDC-42A3-9474-1A3956D46DE8}") = "Solution Items", "Solution Items", "{243A4CC7-153B-4654-8641-D1E85801F2EA}"
	ProjectSection(SolutionItems) = preProject
		Packages\AdvancedIntellect.Ssl.dll = Packages\AdvancedIntellect.Ssl.dll
		Packages\aspNetEmail.dll = Packages\aspNetEmail.dll
		Packages\Rebex.Common.dll = Packages\Rebex.Common.dll
		Packages\Rebex.Networking.dll = Packages\Rebex.Networking.dll
		Packages\Rebex.Sftp.dll = Packages\Rebex.Sftp.dll
	EndProjectSection
EndProject
Project("{FAE04EC0-301F-11D3-BF4B-00C04F79EFBC}") = "RemoteAnalyst.SFTPService", "RemoteAnalyst.SFTP\RemoteAnalyst.SFTPService.csproj", "{69A735E7-AEF6-4F7E-9A60-F75AC4D48EFD}"
EndProject
Project("{FAE04EC0-301F-11D3-BF4B-00C04F79EFBC}") = "RemoteAnalyst.UWSLoader.Core", "RemoteAnalyst.UWSLoader.Core\RemoteAnalyst.UWSLoader.Core.csproj", "{6AB7D497-757F-4878-B17B-744C0F20EE06}"
EndProject
Project("{FAE04EC0-301F-11D3-BF4B-00C04F79EFBC}") = "ConfigurationManager", "ConfigurationManager\ConfigurationManager.csproj", "{C815213F-926F-45CA-96DA-F72C36ED23A2}"
EndProject
Project("{FAE04EC0-301F-11D3-BF4B-00C04F79EFBC}") = "AnalystManager", "AnalystManager\AnalystManager.csproj", "{99C084EC-5E1F-485C-88A8-7C3177A6A39E}"
EndProject
Project("{9A19103F-16F7-4668-BE54-9A1E7A4F7556}") = "RAS.Service.Tests", "RAS.Service.Tests\RAS.Service.Tests.csproj", "{CB7BC39B-FE29-404F-8DD7-31E03A585FC7}"
EndProject
Global
	GlobalSection(SolutionConfigurationPlatforms) = preSolution
		CD_ROM|Any CPU = CD_ROM|Any CPU
		CD_ROM|x64 = CD_ROM|x64
		CD_ROM|x86 = CD_ROM|x86
		Debug|Any CPU = Debug|Any CPU
		Debug|x64 = Debug|x64
		Debug|x86 = Debug|x86
		DVD-5|Any CPU = DVD-5|Any CPU
		DVD-5|x64 = DVD-5|x64
		DVD-5|x86 = DVD-5|x86
		EVALUATION_COPY|Any CPU = EVALUATION_COPY|Any CPU
		EVALUATION_COPY|x64 = EVALUATION_COPY|x64
		EVALUATION_COPY|x86 = EVALUATION_COPY|x86
		RDSMove|Any CPU = RDSMove|Any CPU
		RDSMove|x64 = RDSMove|x64
		RDSMove|x86 = RDSMove|x86
		Release|Any CPU = Release|Any CPU
		Release|x64 = Release|x64
		Release|x86 = Release|x86
		SingleImage|Any CPU = SingleImage|Any CPU
		SingleImage|x64 = SingleImage|x64
		SingleImage|x86 = SingleImage|x86
	EndGlobalSection
	GlobalSection(ProjectConfigurationPlatforms) = postSolution
		{0B0E0925-0AC7-4CEA-99BF-1F82356E8D4A}.CD_ROM|Any CPU.ActiveCfg = Release|Any CPU
		{0B0E0925-0AC7-4CEA-99BF-1F82356E8D4A}.CD_ROM|Any CPU.Build.0 = Release|Any CPU
		{0B0E0925-0AC7-4CEA-99BF-1F82356E8D4A}.CD_ROM|x64.ActiveCfg = Release|Any CPU
		{0B0E0925-0AC7-4CEA-99BF-1F82356E8D4A}.CD_ROM|x86.ActiveCfg = Release|Any CPU
		{0B0E0925-0AC7-4CEA-99BF-1F82356E8D4A}.Debug|Any CPU.ActiveCfg = Debug|Any CPU
		{0B0E0925-0AC7-4CEA-99BF-1F82356E8D4A}.Debug|Any CPU.Build.0 = Debug|Any CPU
		{0B0E0925-0AC7-4CEA-99BF-1F82356E8D4A}.Debug|x64.ActiveCfg = Debug|Any CPU
		{0B0E0925-0AC7-4CEA-99BF-1F82356E8D4A}.Debug|x64.Build.0 = Debug|Any CPU
		{0B0E0925-0AC7-4CEA-99BF-1F82356E8D4A}.Debug|x86.ActiveCfg = Debug|Any CPU
		{0B0E0925-0AC7-4CEA-99BF-1F82356E8D4A}.DVD-5|Any CPU.ActiveCfg = Debug|Any CPU
		{0B0E0925-0AC7-4CEA-99BF-1F82356E8D4A}.DVD-5|Any CPU.Build.0 = Debug|Any CPU
		{0B0E0925-0AC7-4CEA-99BF-1F82356E8D4A}.DVD-5|x64.ActiveCfg = Debug|Any CPU
		{0B0E0925-0AC7-4CEA-99BF-1F82356E8D4A}.DVD-5|x86.ActiveCfg = Debug|Any CPU
		{0B0E0925-0AC7-4CEA-99BF-1F82356E8D4A}.EVALUATION_COPY|Any CPU.ActiveCfg = EVALUATION_COPY|Any CPU
		{0B0E0925-0AC7-4CEA-99BF-1F82356E8D4A}.EVALUATION_COPY|Any CPU.Build.0 = EVALUATION_COPY|Any CPU
		{0B0E0925-0AC7-4CEA-99BF-1F82356E8D4A}.EVALUATION_COPY|x64.ActiveCfg = EVALUATION_COPY|x64
		{0B0E0925-0AC7-4CEA-99BF-1F82356E8D4A}.EVALUATION_COPY|x64.Build.0 = EVALUATION_COPY|x64
		{0B0E0925-0AC7-4CEA-99BF-1F82356E8D4A}.EVALUATION_COPY|x86.ActiveCfg = EVALUATION_COPY|x86
		{0B0E0925-0AC7-4CEA-99BF-1F82356E8D4A}.EVALUATION_COPY|x86.Build.0 = EVALUATION_COPY|x86
		{0B0E0925-0AC7-4CEA-99BF-1F82356E8D4A}.RDSMove|Any CPU.ActiveCfg = RDSMove|Any CPU
		{0B0E0925-0AC7-4CEA-99BF-1F82356E8D4A}.RDSMove|Any CPU.Build.0 = RDSMove|Any CPU
		{0B0E0925-0AC7-4CEA-99BF-1F82356E8D4A}.RDSMove|x64.ActiveCfg = RDSMove|x64
		{0B0E0925-0AC7-4CEA-99BF-1F82356E8D4A}.RDSMove|x64.Build.0 = RDSMove|x64
		{0B0E0925-0AC7-4CEA-99BF-1F82356E8D4A}.RDSMove|x86.ActiveCfg = RDSMove|x86
		{0B0E0925-0AC7-4CEA-99BF-1F82356E8D4A}.RDSMove|x86.Build.0 = RDSMove|x86
		{0B0E0925-0AC7-4CEA-99BF-1F82356E8D4A}.Release|Any CPU.ActiveCfg = Release|Any CPU
		{0B0E0925-0AC7-4CEA-99BF-1F82356E8D4A}.Release|Any CPU.Build.0 = Release|Any CPU
		{0B0E0925-0AC7-4CEA-99BF-1F82356E8D4A}.Release|x64.ActiveCfg = Release|Any CPU
		{0B0E0925-0AC7-4CEA-99BF-1F82356E8D4A}.Release|x64.Build.0 = Release|Any CPU
		{0B0E0925-0AC7-4CEA-99BF-1F82356E8D4A}.Release|x86.ActiveCfg = Release|Any CPU
		{0B0E0925-0AC7-4CEA-99BF-1F82356E8D4A}.SingleImage|Any CPU.ActiveCfg = Release|Any CPU
		{0B0E0925-0AC7-4CEA-99BF-1F82356E8D4A}.SingleImage|Any CPU.Build.0 = Release|Any CPU
		{0B0E0925-0AC7-4CEA-99BF-1F82356E8D4A}.SingleImage|x64.ActiveCfg = Release|Any CPU
		{0B0E0925-0AC7-4CEA-99BF-1F82356E8D4A}.SingleImage|x86.ActiveCfg = Release|Any CPU
		{D3388DBE-300F-486A-807B-01B8AEEBF82F}.CD_ROM|Any CPU.ActiveCfg = Release|Any CPU
		{D3388DBE-300F-486A-807B-01B8AEEBF82F}.CD_ROM|Any CPU.Build.0 = Release|Any CPU
		{D3388DBE-300F-486A-807B-01B8AEEBF82F}.CD_ROM|x64.ActiveCfg = Release|Any CPU
		{D3388DBE-300F-486A-807B-01B8AEEBF82F}.CD_ROM|x86.ActiveCfg = Release|Any CPU
		{D3388DBE-300F-486A-807B-01B8AEEBF82F}.Debug|Any CPU.ActiveCfg = Debug|Any CPU
		{D3388DBE-300F-486A-807B-01B8AEEBF82F}.Debug|Any CPU.Build.0 = Debug|Any CPU
		{D3388DBE-300F-486A-807B-01B8AEEBF82F}.Debug|x64.ActiveCfg = Debug|Any CPU
		{D3388DBE-300F-486A-807B-01B8AEEBF82F}.Debug|x64.Build.0 = Debug|Any CPU
		{D3388DBE-300F-486A-807B-01B8AEEBF82F}.Debug|x86.ActiveCfg = Debug|Any CPU
		{D3388DBE-300F-486A-807B-01B8AEEBF82F}.DVD-5|Any CPU.ActiveCfg = Debug|Any CPU
		{D3388DBE-300F-486A-807B-01B8AEEBF82F}.DVD-5|Any CPU.Build.0 = Debug|Any CPU
		{D3388DBE-300F-486A-807B-01B8AEEBF82F}.DVD-5|x64.ActiveCfg = Debug|Any CPU
		{D3388DBE-300F-486A-807B-01B8AEEBF82F}.DVD-5|x86.ActiveCfg = Debug|Any CPU
		{D3388DBE-300F-486A-807B-01B8AEEBF82F}.EVALUATION_COPY|Any CPU.ActiveCfg = EVALUATION_COPY|Any CPU
		{D3388DBE-300F-486A-807B-01B8AEEBF82F}.EVALUATION_COPY|Any CPU.Build.0 = EVALUATION_COPY|Any CPU
		{D3388DBE-300F-486A-807B-01B8AEEBF82F}.EVALUATION_COPY|x64.ActiveCfg = EVALUATION_COPY|x64
		{D3388DBE-300F-486A-807B-01B8AEEBF82F}.EVALUATION_COPY|x64.Build.0 = EVALUATION_COPY|x64
		{D3388DBE-300F-486A-807B-01B8AEEBF82F}.EVALUATION_COPY|x86.ActiveCfg = EVALUATION_COPY|x86
		{D3388DBE-300F-486A-807B-01B8AEEBF82F}.EVALUATION_COPY|x86.Build.0 = EVALUATION_COPY|x86
		{D3388DBE-300F-486A-807B-01B8AEEBF82F}.RDSMove|Any CPU.ActiveCfg = RDSMove|Any CPU
		{D3388DBE-300F-486A-807B-01B8AEEBF82F}.RDSMove|Any CPU.Build.0 = RDSMove|Any CPU
		{D3388DBE-300F-486A-807B-01B8AEEBF82F}.RDSMove|x64.ActiveCfg = RDSMove|x64
		{D3388DBE-300F-486A-807B-01B8AEEBF82F}.RDSMove|x64.Build.0 = RDSMove|x64
		{D3388DBE-300F-486A-807B-01B8AEEBF82F}.RDSMove|x86.ActiveCfg = RDSMove|x86
		{D3388DBE-300F-486A-807B-01B8AEEBF82F}.RDSMove|x86.Build.0 = RDSMove|x86
		{D3388DBE-300F-486A-807B-01B8AEEBF82F}.Release|Any CPU.ActiveCfg = Release|Any CPU
		{D3388DBE-300F-486A-807B-01B8AEEBF82F}.Release|Any CPU.Build.0 = Release|Any CPU
		{D3388DBE-300F-486A-807B-01B8AEEBF82F}.Release|x64.ActiveCfg = Release|Any CPU
		{D3388DBE-300F-486A-807B-01B8AEEBF82F}.Release|x64.Build.0 = Release|Any CPU
		{D3388DBE-300F-486A-807B-01B8AEEBF82F}.Release|x86.ActiveCfg = Release|Any CPU
		{D3388DBE-300F-486A-807B-01B8AEEBF82F}.SingleImage|Any CPU.ActiveCfg = Release|Any CPU
		{D3388DBE-300F-486A-807B-01B8AEEBF82F}.SingleImage|Any CPU.Build.0 = Release|Any CPU
		{D3388DBE-300F-486A-807B-01B8AEEBF82F}.SingleImage|x64.ActiveCfg = Release|Any CPU
		{D3388DBE-300F-486A-807B-01B8AEEBF82F}.SingleImage|x86.ActiveCfg = Release|Any CPU
		{34A134BE-9724-46DC-83FF-75FF6B8E1B68}.CD_ROM|Any CPU.ActiveCfg = Release|Any CPU
		{34A134BE-9724-46DC-83FF-75FF6B8E1B68}.CD_ROM|Any CPU.Build.0 = Release|Any CPU
		{34A134BE-9724-46DC-83FF-75FF6B8E1B68}.CD_ROM|x64.ActiveCfg = Release|x64
		{34A134BE-9724-46DC-83FF-75FF6B8E1B68}.CD_ROM|x64.Build.0 = Release|x64
		{34A134BE-9724-46DC-83FF-75FF6B8E1B68}.CD_ROM|x86.ActiveCfg = Debug|x86
		{34A134BE-9724-46DC-83FF-75FF6B8E1B68}.CD_ROM|x86.Build.0 = Debug|x86
		{34A134BE-9724-46DC-83FF-75FF6B8E1B68}.Debug|Any CPU.ActiveCfg = Debug|x64
		{34A134BE-9724-46DC-83FF-75FF6B8E1B68}.Debug|Any CPU.Build.0 = Debug|x64
		{34A134BE-9724-46DC-83FF-75FF6B8E1B68}.Debug|x64.ActiveCfg = Debug|x64
		{34A134BE-9724-46DC-83FF-75FF6B8E1B68}.Debug|x64.Build.0 = Debug|x64
		{34A134BE-9724-46DC-83FF-75FF6B8E1B68}.Debug|x86.ActiveCfg = Debug|x86
		{34A134BE-9724-46DC-83FF-75FF6B8E1B68}.Debug|x86.Build.0 = Debug|x86
		{34A134BE-9724-46DC-83FF-75FF6B8E1B68}.DVD-5|Any CPU.ActiveCfg = Debug|Any CPU
		{34A134BE-9724-46DC-83FF-75FF6B8E1B68}.DVD-5|Any CPU.Build.0 = Debug|Any CPU
		{34A134BE-9724-46DC-83FF-75FF6B8E1B68}.DVD-5|x64.ActiveCfg = Debug|x64
		{34A134BE-9724-46DC-83FF-75FF6B8E1B68}.DVD-5|x64.Build.0 = Debug|x64
		{34A134BE-9724-46DC-83FF-75FF6B8E1B68}.DVD-5|x86.ActiveCfg = Debug|x86
		{34A134BE-9724-46DC-83FF-75FF6B8E1B68}.DVD-5|x86.Build.0 = Debug|x86
		{34A134BE-9724-46DC-83FF-75FF6B8E1B68}.EVALUATION_COPY|Any CPU.ActiveCfg = EVALUATION_COPY|Any CPU
		{34A134BE-9724-46DC-83FF-75FF6B8E1B68}.EVALUATION_COPY|Any CPU.Build.0 = EVALUATION_COPY|Any CPU
		{34A134BE-9724-46DC-83FF-75FF6B8E1B68}.EVALUATION_COPY|x64.ActiveCfg = EVALUATION_COPY|x64
		{34A134BE-9724-46DC-83FF-75FF6B8E1B68}.EVALUATION_COPY|x64.Build.0 = EVALUATION_COPY|x64
		{34A134BE-9724-46DC-83FF-75FF6B8E1B68}.EVALUATION_COPY|x86.ActiveCfg = EVALUATION_COPY|x86
		{34A134BE-9724-46DC-83FF-75FF6B8E1B68}.EVALUATION_COPY|x86.Build.0 = EVALUATION_COPY|x86
		{34A134BE-9724-46DC-83FF-75FF6B8E1B68}.RDSMove|Any CPU.ActiveCfg = RDSMove|Any CPU
		{34A134BE-9724-46DC-83FF-75FF6B8E1B68}.RDSMove|Any CPU.Build.0 = RDSMove|Any CPU
		{34A134BE-9724-46DC-83FF-75FF6B8E1B68}.RDSMove|x64.ActiveCfg = RDSMove|x64
		{34A134BE-9724-46DC-83FF-75FF6B8E1B68}.RDSMove|x64.Build.0 = RDSMove|x64
		{34A134BE-9724-46DC-83FF-75FF6B8E1B68}.RDSMove|x86.ActiveCfg = RDSMove|x86
		{34A134BE-9724-46DC-83FF-75FF6B8E1B68}.RDSMove|x86.Build.0 = RDSMove|x86
		{34A134BE-9724-46DC-83FF-75FF6B8E1B68}.Release|Any CPU.ActiveCfg = Release|Any CPU
		{34A134BE-9724-46DC-83FF-75FF6B8E1B68}.Release|Any CPU.Build.0 = Release|Any CPU
		{34A134BE-9724-46DC-83FF-75FF6B8E1B68}.Release|x64.ActiveCfg = Release|Any CPU
		{34A134BE-9724-46DC-83FF-75FF6B8E1B68}.Release|x64.Build.0 = Release|Any CPU
		{34A134BE-9724-46DC-83FF-75FF6B8E1B68}.Release|x86.ActiveCfg = Release|x86
		{34A134BE-9724-46DC-83FF-75FF6B8E1B68}.Release|x86.Build.0 = Release|x86
		{34A134BE-9724-46DC-83FF-75FF6B8E1B68}.SingleImage|Any CPU.ActiveCfg = Release|Any CPU
		{34A134BE-9724-46DC-83FF-75FF6B8E1B68}.SingleImage|Any CPU.Build.0 = Release|Any CPU
		{34A134BE-9724-46DC-83FF-75FF6B8E1B68}.SingleImage|x64.ActiveCfg = Release|x64
		{34A134BE-9724-46DC-83FF-75FF6B8E1B68}.SingleImage|x64.Build.0 = Release|x64
		{34A134BE-9724-46DC-83FF-75FF6B8E1B68}.SingleImage|x86.ActiveCfg = Debug|x86
		{34A134BE-9724-46DC-83FF-75FF6B8E1B68}.SingleImage|x86.Build.0 = Debug|x86
		{A4995401-AE7D-4B32-BE98-989459126435}.CD_ROM|Any CPU.ActiveCfg = Release|Any CPU
		{A4995401-AE7D-4B32-BE98-989459126435}.CD_ROM|Any CPU.Build.0 = Release|Any CPU
		{A4995401-AE7D-4B32-BE98-989459126435}.CD_ROM|x64.ActiveCfg = Release|Any CPU
		{A4995401-AE7D-4B32-BE98-989459126435}.CD_ROM|x86.ActiveCfg = Release|Any CPU
		{A4995401-AE7D-4B32-BE98-989459126435}.Debug|Any CPU.ActiveCfg = Debug|Any CPU
		{A4995401-AE7D-4B32-BE98-989459126435}.Debug|Any CPU.Build.0 = Debug|Any CPU
		{A4995401-AE7D-4B32-BE98-989459126435}.Debug|x64.ActiveCfg = Debug|Any CPU
		{A4995401-AE7D-4B32-BE98-989459126435}.Debug|x64.Build.0 = Debug|Any CPU
		{A4995401-AE7D-4B32-BE98-989459126435}.Debug|x86.ActiveCfg = Debug|Any CPU
		{A4995401-AE7D-4B32-BE98-989459126435}.DVD-5|Any CPU.ActiveCfg = Debug|Any CPU
		{A4995401-AE7D-4B32-BE98-989459126435}.DVD-5|Any CPU.Build.0 = Debug|Any CPU
		{A4995401-AE7D-4B32-BE98-989459126435}.DVD-5|x64.ActiveCfg = Debug|Any CPU
		{A4995401-AE7D-4B32-BE98-989459126435}.DVD-5|x86.ActiveCfg = Debug|Any CPU
		{A4995401-AE7D-4B32-BE98-989459126435}.EVALUATION_COPY|Any CPU.ActiveCfg = EVALUATION_COPY|Any CPU
		{A4995401-AE7D-4B32-BE98-989459126435}.EVALUATION_COPY|Any CPU.Build.0 = EVALUATION_COPY|Any CPU
		{A4995401-AE7D-4B32-BE98-989459126435}.EVALUATION_COPY|x64.ActiveCfg = EVALUATION_COPY|x64
		{A4995401-AE7D-4B32-BE98-989459126435}.EVALUATION_COPY|x64.Build.0 = EVALUATION_COPY|x64
		{A4995401-AE7D-4B32-BE98-989459126435}.EVALUATION_COPY|x86.ActiveCfg = EVALUATION_COPY|Any CPU
		{A4995401-AE7D-4B32-BE98-989459126435}.EVALUATION_COPY|x86.Build.0 = EVALUATION_COPY|Any CPU
		{A4995401-AE7D-4B32-BE98-989459126435}.RDSMove|Any CPU.ActiveCfg = RDSMove|Any CPU
		{A4995401-AE7D-4B32-BE98-989459126435}.RDSMove|Any CPU.Build.0 = RDSMove|Any CPU
		{A4995401-AE7D-4B32-BE98-989459126435}.RDSMove|x64.ActiveCfg = RDSMove|x64
		{A4995401-AE7D-4B32-BE98-989459126435}.RDSMove|x64.Build.0 = RDSMove|x64
		{A4995401-AE7D-4B32-BE98-989459126435}.RDSMove|x86.ActiveCfg = RDSMove|Any CPU
		{A4995401-AE7D-4B32-BE98-989459126435}.RDSMove|x86.Build.0 = RDSMove|Any CPU
		{A4995401-AE7D-4B32-BE98-989459126435}.Release|Any CPU.ActiveCfg = Release|Any CPU
		{A4995401-AE7D-4B32-BE98-989459126435}.Release|Any CPU.Build.0 = Release|Any CPU
		{A4995401-AE7D-4B32-BE98-989459126435}.Release|x64.ActiveCfg = Release|Any CPU
		{A4995401-AE7D-4B32-BE98-989459126435}.Release|x64.Build.0 = Release|Any CPU
		{A4995401-AE7D-4B32-BE98-989459126435}.Release|x86.ActiveCfg = Release|Any CPU
		{A4995401-AE7D-4B32-BE98-989459126435}.SingleImage|Any CPU.ActiveCfg = Release|Any CPU
		{A4995401-AE7D-4B32-BE98-989459126435}.SingleImage|Any CPU.Build.0 = Release|Any CPU
		{A4995401-AE7D-4B32-BE98-989459126435}.SingleImage|x64.ActiveCfg = Release|Any CPU
		{A4995401-AE7D-4B32-BE98-989459126435}.SingleImage|x86.ActiveCfg = Release|Any CPU
		{C0843787-E291-4CE5-9D30-48B6A4C94B95}.CD_ROM|Any CPU.ActiveCfg = Release|Any CPU
		{C0843787-E291-4CE5-9D30-48B6A4C94B95}.CD_ROM|Any CPU.Build.0 = Release|Any CPU
		{C0843787-E291-4CE5-9D30-48B6A4C94B95}.CD_ROM|x64.ActiveCfg = Release|Any CPU
		{C0843787-E291-4CE5-9D30-48B6A4C94B95}.CD_ROM|x86.ActiveCfg = Release|x86
		{C0843787-E291-4CE5-9D30-48B6A4C94B95}.CD_ROM|x86.Build.0 = Release|x86
		{C0843787-E291-4CE5-9D30-48B6A4C94B95}.Debug|Any CPU.ActiveCfg = Debug|Any CPU
		{C0843787-E291-4CE5-9D30-48B6A4C94B95}.Debug|Any CPU.Build.0 = Debug|Any CPU
		{C0843787-E291-4CE5-9D30-48B6A4C94B95}.Debug|x64.ActiveCfg = Debug|Any CPU
		{C0843787-E291-4CE5-9D30-48B6A4C94B95}.Debug|x64.Build.0 = Debug|Any CPU
		{C0843787-E291-4CE5-9D30-48B6A4C94B95}.Debug|x86.ActiveCfg = Debug|Any CPU
		{C0843787-E291-4CE5-9D30-48B6A4C94B95}.DVD-5|Any CPU.ActiveCfg = Debug|Any CPU
		{C0843787-E291-4CE5-9D30-48B6A4C94B95}.DVD-5|Any CPU.Build.0 = Debug|Any CPU
		{C0843787-E291-4CE5-9D30-48B6A4C94B95}.DVD-5|x64.ActiveCfg = Debug|Any CPU
		{C0843787-E291-4CE5-9D30-48B6A4C94B95}.DVD-5|x86.ActiveCfg = Debug|x86
		{C0843787-E291-4CE5-9D30-48B6A4C94B95}.DVD-5|x86.Build.0 = Debug|x86
		{C0843787-E291-4CE5-9D30-48B6A4C94B95}.EVALUATION_COPY|Any CPU.ActiveCfg = EVALUATION_COPY|Any CPU
		{C0843787-E291-4CE5-9D30-48B6A4C94B95}.EVALUATION_COPY|Any CPU.Build.0 = EVALUATION_COPY|Any CPU
		{C0843787-E291-4CE5-9D30-48B6A4C94B95}.EVALUATION_COPY|x64.ActiveCfg = EVALUATION_COPY|x64
		{C0843787-E291-4CE5-9D30-48B6A4C94B95}.EVALUATION_COPY|x64.Build.0 = EVALUATION_COPY|x64
		{C0843787-E291-4CE5-9D30-48B6A4C94B95}.EVALUATION_COPY|x86.ActiveCfg = EVALUATION_COPY|x86
		{C0843787-E291-4CE5-9D30-48B6A4C94B95}.EVALUATION_COPY|x86.Build.0 = EVALUATION_COPY|x86
		{C0843787-E291-4CE5-9D30-48B6A4C94B95}.RDSMove|Any CPU.ActiveCfg = RDSMove|Any CPU
		{C0843787-E291-4CE5-9D30-48B6A4C94B95}.RDSMove|Any CPU.Build.0 = RDSMove|Any CPU
		{C0843787-E291-4CE5-9D30-48B6A4C94B95}.RDSMove|x64.ActiveCfg = RDSMove|x64
		{C0843787-E291-4CE5-9D30-48B6A4C94B95}.RDSMove|x64.Build.0 = RDSMove|x64
		{C0843787-E291-4CE5-9D30-48B6A4C94B95}.RDSMove|x86.ActiveCfg = RDSMove|x86
		{C0843787-E291-4CE5-9D30-48B6A4C94B95}.RDSMove|x86.Build.0 = RDSMove|x86
		{C0843787-E291-4CE5-9D30-48B6A4C94B95}.Release|Any CPU.ActiveCfg = Release|Any CPU
		{C0843787-E291-4CE5-9D30-48B6A4C94B95}.Release|Any CPU.Build.0 = Release|Any CPU
		{C0843787-E291-4CE5-9D30-48B6A4C94B95}.Release|x64.ActiveCfg = Release|Any CPU
		{C0843787-E291-4CE5-9D30-48B6A4C94B95}.Release|x64.Build.0 = Release|Any CPU
		{C0843787-E291-4CE5-9D30-48B6A4C94B95}.Release|x86.ActiveCfg = Release|x86
		{C0843787-E291-4CE5-9D30-48B6A4C94B95}.Release|x86.Build.0 = Release|x86
		{C0843787-E291-4CE5-9D30-48B6A4C94B95}.SingleImage|Any CPU.ActiveCfg = Release|Any CPU
		{C0843787-E291-4CE5-9D30-48B6A4C94B95}.SingleImage|Any CPU.Build.0 = Release|Any CPU
		{C0843787-E291-4CE5-9D30-48B6A4C94B95}.SingleImage|x64.ActiveCfg = Release|Any CPU
		{C0843787-E291-4CE5-9D30-48B6A4C94B95}.SingleImage|x86.ActiveCfg = Release|x86
		{C0843787-E291-4CE5-9D30-48B6A4C94B95}.SingleImage|x86.Build.0 = Release|x86
		{A4DB3A6A-7959-4517-844B-4D00AE09436C}.CD_ROM|Any CPU.ActiveCfg = Release|Any CPU
		{A4DB3A6A-7959-4517-844B-4D00AE09436C}.CD_ROM|Any CPU.Build.0 = Release|Any CPU
		{A4DB3A6A-7959-4517-844B-4D00AE09436C}.CD_ROM|x64.ActiveCfg = Release|Any CPU
		{A4DB3A6A-7959-4517-844B-4D00AE09436C}.CD_ROM|x86.ActiveCfg = Release|Any CPU
		{A4DB3A6A-7959-4517-844B-4D00AE09436C}.Debug|Any CPU.ActiveCfg = Debug|Any CPU
		{A4DB3A6A-7959-4517-844B-4D00AE09436C}.Debug|Any CPU.Build.0 = Debug|Any CPU
		{A4DB3A6A-7959-4517-844B-4D00AE09436C}.Debug|x64.ActiveCfg = Debug|Any CPU
		{A4DB3A6A-7959-4517-844B-4D00AE09436C}.Debug|x64.Build.0 = Debug|Any CPU
		{A4DB3A6A-7959-4517-844B-4D00AE09436C}.Debug|x86.ActiveCfg = Debug|Any CPU
		{A4DB3A6A-7959-4517-844B-4D00AE09436C}.DVD-5|Any CPU.ActiveCfg = Debug|Any CPU
		{A4DB3A6A-7959-4517-844B-4D00AE09436C}.DVD-5|Any CPU.Build.0 = Debug|Any CPU
		{A4DB3A6A-7959-4517-844B-4D00AE09436C}.DVD-5|x64.ActiveCfg = Debug|Any CPU
		{A4DB3A6A-7959-4517-844B-4D00AE09436C}.DVD-5|x86.ActiveCfg = Debug|Any CPU
		{A4DB3A6A-7959-4517-844B-4D00AE09436C}.EVALUATION_COPY|Any CPU.ActiveCfg = EVALUATION_COPY|Any CPU
		{A4DB3A6A-7959-4517-844B-4D00AE09436C}.EVALUATION_COPY|Any CPU.Build.0 = EVALUATION_COPY|Any CPU
		{A4DB3A6A-7959-4517-844B-4D00AE09436C}.EVALUATION_COPY|x64.ActiveCfg = EVALUATION_COPY|x64
		{A4DB3A6A-7959-4517-844B-4D00AE09436C}.EVALUATION_COPY|x64.Build.0 = EVALUATION_COPY|x64
		{A4DB3A6A-7959-4517-844B-4D00AE09436C}.EVALUATION_COPY|x86.ActiveCfg = EVALUATION_COPY|x86
		{A4DB3A6A-7959-4517-844B-4D00AE09436C}.EVALUATION_COPY|x86.Build.0 = EVALUATION_COPY|x86
		{A4DB3A6A-7959-4517-844B-4D00AE09436C}.RDSMove|Any CPU.ActiveCfg = RDSMove|Any CPU
		{A4DB3A6A-7959-4517-844B-4D00AE09436C}.RDSMove|Any CPU.Build.0 = RDSMove|Any CPU
		{A4DB3A6A-7959-4517-844B-4D00AE09436C}.RDSMove|x64.ActiveCfg = RDSMove|x64
		{A4DB3A6A-7959-4517-844B-4D00AE09436C}.RDSMove|x64.Build.0 = RDSMove|x64
		{A4DB3A6A-7959-4517-844B-4D00AE09436C}.RDSMove|x86.ActiveCfg = RDSMove|x86
		{A4DB3A6A-7959-4517-844B-4D00AE09436C}.RDSMove|x86.Build.0 = RDSMove|x86
		{A4DB3A6A-7959-4517-844B-4D00AE09436C}.Release|Any CPU.ActiveCfg = Release|Any CPU
		{A4DB3A6A-7959-4517-844B-4D00AE09436C}.Release|Any CPU.Build.0 = Release|Any CPU
		{A4DB3A6A-7959-4517-844B-4D00AE09436C}.Release|x64.ActiveCfg = Release|Any CPU
		{A4DB3A6A-7959-4517-844B-4D00AE09436C}.Release|x64.Build.0 = Release|Any CPU
		{A4DB3A6A-7959-4517-844B-4D00AE09436C}.Release|x86.ActiveCfg = Release|Any CPU
		{A4DB3A6A-7959-4517-844B-4D00AE09436C}.SingleImage|Any CPU.ActiveCfg = Release|Any CPU
		{A4DB3A6A-7959-4517-844B-4D00AE09436C}.SingleImage|Any CPU.Build.0 = Release|Any CPU
		{A4DB3A6A-7959-4517-844B-4D00AE09436C}.SingleImage|x64.ActiveCfg = Release|Any CPU
		{A4DB3A6A-7959-4517-844B-4D00AE09436C}.SingleImage|x86.ActiveCfg = Release|Any CPU
		{08438C69-0B0D-4253-B35B-5D766B3F2326}.CD_ROM|Any CPU.ActiveCfg = Release|Any CPU
		{08438C69-0B0D-4253-B35B-5D766B3F2326}.CD_ROM|Any CPU.Build.0 = Release|Any CPU
		{08438C69-0B0D-4253-B35B-5D766B3F2326}.CD_ROM|x64.ActiveCfg = Release|Any CPU
		{08438C69-0B0D-4253-B35B-5D766B3F2326}.CD_ROM|x86.ActiveCfg = Release|Any CPU
		{08438C69-0B0D-4253-B35B-5D766B3F2326}.Debug|Any CPU.ActiveCfg = Debug|Any CPU
		{08438C69-0B0D-4253-B35B-5D766B3F2326}.Debug|Any CPU.Build.0 = Debug|Any CPU
		{08438C69-0B0D-4253-B35B-5D766B3F2326}.Debug|x64.ActiveCfg = Debug|Any CPU
		{08438C69-0B0D-4253-B35B-5D766B3F2326}.Debug|x86.ActiveCfg = Debug|Any CPU
		{08438C69-0B0D-4253-B35B-5D766B3F2326}.DVD-5|Any CPU.ActiveCfg = Debug|Any CPU
		{08438C69-0B0D-4253-B35B-5D766B3F2326}.DVD-5|Any CPU.Build.0 = Debug|Any CPU
		{08438C69-0B0D-4253-B35B-5D766B3F2326}.DVD-5|x64.ActiveCfg = Debug|Any CPU
		{08438C69-0B0D-4253-B35B-5D766B3F2326}.DVD-5|x86.ActiveCfg = Debug|Any CPU
		{08438C69-0B0D-4253-B35B-5D766B3F2326}.EVALUATION_COPY|Any CPU.ActiveCfg = EVALUATION_COPY|Any CPU
		{08438C69-0B0D-4253-B35B-5D766B3F2326}.EVALUATION_COPY|Any CPU.Build.0 = EVALUATION_COPY|Any CPU
		{08438C69-0B0D-4253-B35B-5D766B3F2326}.EVALUATION_COPY|x64.ActiveCfg = EVALUATION_COPY|Any CPU
		{08438C69-0B0D-4253-B35B-5D766B3F2326}.EVALUATION_COPY|x64.Build.0 = EVALUATION_COPY|Any CPU
		{08438C69-0B0D-4253-B35B-5D766B3F2326}.EVALUATION_COPY|x86.ActiveCfg = EVALUATION_COPY|x86
		{08438C69-0B0D-4253-B35B-5D766B3F2326}.EVALUATION_COPY|x86.Build.0 = EVALUATION_COPY|x86
		{08438C69-0B0D-4253-B35B-5D766B3F2326}.RDSMove|Any CPU.ActiveCfg = RDSMove|Any CPU
		{08438C69-0B0D-4253-B35B-5D766B3F2326}.RDSMove|Any CPU.Build.0 = RDSMove|Any CPU
		{08438C69-0B0D-4253-B35B-5D766B3F2326}.RDSMove|x64.ActiveCfg = RDSMove|Any CPU
		{08438C69-0B0D-4253-B35B-5D766B3F2326}.RDSMove|x64.Build.0 = RDSMove|Any CPU
		{08438C69-0B0D-4253-B35B-5D766B3F2326}.RDSMove|x86.ActiveCfg = RDSMove|x86
		{08438C69-0B0D-4253-B35B-5D766B3F2326}.RDSMove|x86.Build.0 = RDSMove|x86
		{08438C69-0B0D-4253-B35B-5D766B3F2326}.Release|Any CPU.ActiveCfg = Release|Any CPU
		{08438C69-0B0D-4253-B35B-5D766B3F2326}.Release|Any CPU.Build.0 = Release|Any CPU
		{08438C69-0B0D-4253-B35B-5D766B3F2326}.Release|x64.ActiveCfg = Release|Any CPU
		{08438C69-0B0D-4253-B35B-5D766B3F2326}.Release|x86.ActiveCfg = Release|Any CPU
		{08438C69-0B0D-4253-B35B-5D766B3F2326}.SingleImage|Any CPU.ActiveCfg = Release|Any CPU
		{08438C69-0B0D-4253-B35B-5D766B3F2326}.SingleImage|Any CPU.Build.0 = Release|Any CPU
		{08438C69-0B0D-4253-B35B-5D766B3F2326}.SingleImage|x64.ActiveCfg = Release|Any CPU
		{08438C69-0B0D-4253-B35B-5D766B3F2326}.SingleImage|x86.ActiveCfg = Release|Any CPU
		{343AFAF8-A59F-43AD-83F7-FD9D40C0D616}.CD_ROM|Any CPU.ActiveCfg = Release|Any CPU
		{343AFAF8-A59F-43AD-83F7-FD9D40C0D616}.CD_ROM|Any CPU.Build.0 = Release|Any CPU
		{343AFAF8-A59F-43AD-83F7-FD9D40C0D616}.CD_ROM|x64.ActiveCfg = Release|Any CPU
		{343AFAF8-A59F-43AD-83F7-FD9D40C0D616}.CD_ROM|x86.ActiveCfg = Release|Any CPU
		{343AFAF8-A59F-43AD-83F7-FD9D40C0D616}.Debug|Any CPU.ActiveCfg = Debug|Any CPU
		{343AFAF8-A59F-43AD-83F7-FD9D40C0D616}.Debug|Any CPU.Build.0 = Debug|Any CPU
		{343AFAF8-A59F-43AD-83F7-FD9D40C0D616}.Debug|x64.ActiveCfg = Debug|Any CPU
		{343AFAF8-A59F-43AD-83F7-FD9D40C0D616}.Debug|x86.ActiveCfg = Debug|Any CPU
		{343AFAF8-A59F-43AD-83F7-FD9D40C0D616}.DVD-5|Any CPU.ActiveCfg = Debug|Any CPU
		{343AFAF8-A59F-43AD-83F7-FD9D40C0D616}.DVD-5|Any CPU.Build.0 = Debug|Any CPU
		{343AFAF8-A59F-43AD-83F7-FD9D40C0D616}.DVD-5|x64.ActiveCfg = Debug|Any CPU
		{343AFAF8-A59F-43AD-83F7-FD9D40C0D616}.DVD-5|x86.ActiveCfg = Debug|Any CPU
		{343AFAF8-A59F-43AD-83F7-FD9D40C0D616}.EVALUATION_COPY|Any CPU.ActiveCfg = EVALUATION_COPY|Any CPU
		{343AFAF8-A59F-43AD-83F7-FD9D40C0D616}.EVALUATION_COPY|Any CPU.Build.0 = EVALUATION_COPY|Any CPU
		{343AFAF8-A59F-43AD-83F7-FD9D40C0D616}.EVALUATION_COPY|x64.ActiveCfg = EVALUATION_COPY|Any CPU
		{343AFAF8-A59F-43AD-83F7-FD9D40C0D616}.EVALUATION_COPY|x64.Build.0 = EVALUATION_COPY|Any CPU
		{343AFAF8-A59F-43AD-83F7-FD9D40C0D616}.EVALUATION_COPY|x86.ActiveCfg = EVALUATION_COPY|Any CPU
		{343AFAF8-A59F-43AD-83F7-FD9D40C0D616}.EVALUATION_COPY|x86.Build.0 = EVALUATION_COPY|Any CPU
		{343AFAF8-A59F-43AD-83F7-FD9D40C0D616}.RDSMove|Any CPU.ActiveCfg = RDSMove|Any CPU
		{343AFAF8-A59F-43AD-83F7-FD9D40C0D616}.RDSMove|Any CPU.Build.0 = RDSMove|Any CPU
		{343AFAF8-A59F-43AD-83F7-FD9D40C0D616}.RDSMove|x64.ActiveCfg = RDSMove|Any CPU
		{343AFAF8-A59F-43AD-83F7-FD9D40C0D616}.RDSMove|x64.Build.0 = RDSMove|Any CPU
		{343AFAF8-A59F-43AD-83F7-FD9D40C0D616}.RDSMove|x86.ActiveCfg = RDSMove|Any CPU
		{343AFAF8-A59F-43AD-83F7-FD9D40C0D616}.RDSMove|x86.Build.0 = RDSMove|Any CPU
		{343AFAF8-A59F-43AD-83F7-FD9D40C0D616}.Release|Any CPU.ActiveCfg = Release|Any CPU
		{343AFAF8-A59F-43AD-83F7-FD9D40C0D616}.Release|Any CPU.Build.0 = Release|Any CPU
		{343AFAF8-A59F-43AD-83F7-FD9D40C0D616}.Release|x64.ActiveCfg = Release|Any CPU
		{343AFAF8-A59F-43AD-83F7-FD9D40C0D616}.Release|x86.ActiveCfg = Release|Any CPU
		{343AFAF8-A59F-43AD-83F7-FD9D40C0D616}.SingleImage|Any CPU.ActiveCfg = Release|Any CPU
		{343AFAF8-A59F-43AD-83F7-FD9D40C0D616}.SingleImage|Any CPU.Build.0 = Release|Any CPU
		{343AFAF8-A59F-43AD-83F7-FD9D40C0D616}.SingleImage|x64.ActiveCfg = Release|Any CPU
		{343AFAF8-A59F-43AD-83F7-FD9D40C0D616}.SingleImage|x86.ActiveCfg = Release|Any CPU
		{C02D9734-C159-41A4-9BAF-6482FE551638}.CD_ROM|Any CPU.ActiveCfg = Release|Any CPU
		{C02D9734-C159-41A4-9BAF-6482FE551638}.CD_ROM|Any CPU.Build.0 = Release|Any CPU
		{C02D9734-C159-41A4-9BAF-6482FE551638}.CD_ROM|x64.ActiveCfg = Release|Any CPU
		{C02D9734-C159-41A4-9BAF-6482FE551638}.CD_ROM|x86.ActiveCfg = Release|Any CPU
		{C02D9734-C159-41A4-9BAF-6482FE551638}.Debug|Any CPU.ActiveCfg = Debug|Any CPU
		{C02D9734-C159-41A4-9BAF-6482FE551638}.Debug|Any CPU.Build.0 = Debug|Any CPU
		{C02D9734-C159-41A4-9BAF-6482FE551638}.Debug|x64.ActiveCfg = Debug|Any CPU
		{C02D9734-C159-41A4-9BAF-6482FE551638}.Debug|x86.ActiveCfg = Debug|Any CPU
		{C02D9734-C159-41A4-9BAF-6482FE551638}.DVD-5|Any CPU.ActiveCfg = Debug|Any CPU
		{C02D9734-C159-41A4-9BAF-6482FE551638}.DVD-5|Any CPU.Build.0 = Debug|Any CPU
		{C02D9734-C159-41A4-9BAF-6482FE551638}.DVD-5|x64.ActiveCfg = Debug|Any CPU
		{C02D9734-C159-41A4-9BAF-6482FE551638}.DVD-5|x86.ActiveCfg = Debug|Any CPU
		{C02D9734-C159-41A4-9BAF-6482FE551638}.EVALUATION_COPY|Any CPU.ActiveCfg = EVALUATION_COPY|Any CPU
		{C02D9734-C159-41A4-9BAF-6482FE551638}.EVALUATION_COPY|Any CPU.Build.0 = EVALUATION_COPY|Any CPU
		{C02D9734-C159-41A4-9BAF-6482FE551638}.EVALUATION_COPY|x64.ActiveCfg = EVALUATION_COPY|Any CPU
		{C02D9734-C159-41A4-9BAF-6482FE551638}.EVALUATION_COPY|x64.Build.0 = EVALUATION_COPY|Any CPU
		{C02D9734-C159-41A4-9BAF-6482FE551638}.EVALUATION_COPY|x86.ActiveCfg = EVALUATION_COPY|Any CPU
		{C02D9734-C159-41A4-9BAF-6482FE551638}.EVALUATION_COPY|x86.Build.0 = EVALUATION_COPY|Any CPU
		{C02D9734-C159-41A4-9BAF-6482FE551638}.RDSMove|Any CPU.ActiveCfg = RDSMove|Any CPU
		{C02D9734-C159-41A4-9BAF-6482FE551638}.RDSMove|Any CPU.Build.0 = RDSMove|Any CPU
		{C02D9734-C159-41A4-9BAF-6482FE551638}.RDSMove|x64.ActiveCfg = RDSMove|Any CPU
		{C02D9734-C159-41A4-9BAF-6482FE551638}.RDSMove|x64.Build.0 = RDSMove|Any CPU
		{C02D9734-C159-41A4-9BAF-6482FE551638}.RDSMove|x86.ActiveCfg = RDSMove|Any CPU
		{C02D9734-C159-41A4-9BAF-6482FE551638}.RDSMove|x86.Build.0 = RDSMove|Any CPU
		{C02D9734-C159-41A4-9BAF-6482FE551638}.Release|Any CPU.ActiveCfg = Release|Any CPU
		{C02D9734-C159-41A4-9BAF-6482FE551638}.Release|Any CPU.Build.0 = Release|Any CPU
		{C02D9734-C159-41A4-9BAF-6482FE551638}.Release|x64.ActiveCfg = Release|Any CPU
		{C02D9734-C159-41A4-9BAF-6482FE551638}.Release|x86.ActiveCfg = Release|Any CPU
		{C02D9734-C159-41A4-9BAF-6482FE551638}.SingleImage|Any CPU.ActiveCfg = Release|Any CPU
		{C02D9734-C159-41A4-9BAF-6482FE551638}.SingleImage|Any CPU.Build.0 = Release|Any CPU
		{C02D9734-C159-41A4-9BAF-6482FE551638}.SingleImage|x64.ActiveCfg = Release|Any CPU
		{C02D9734-C159-41A4-9BAF-6482FE551638}.SingleImage|x86.ActiveCfg = Release|Any CPU
		{5CB17299-A49B-4700-BA82-B7AB8C2EF38D}.CD_ROM|Any CPU.ActiveCfg = Release|Any CPU
		{5CB17299-A49B-4700-BA82-B7AB8C2EF38D}.CD_ROM|Any CPU.Build.0 = Release|Any CPU
		{5CB17299-A49B-4700-BA82-B7AB8C2EF38D}.CD_ROM|x64.ActiveCfg = Release|Any CPU
		{5CB17299-A49B-4700-BA82-B7AB8C2EF38D}.CD_ROM|x86.ActiveCfg = Release|Any CPU
		{5CB17299-A49B-4700-BA82-B7AB8C2EF38D}.Debug|Any CPU.ActiveCfg = Debug|Any CPU
		{5CB17299-A49B-4700-BA82-B7AB8C2EF38D}.Debug|Any CPU.Build.0 = Debug|Any CPU
		{5CB17299-A49B-4700-BA82-B7AB8C2EF38D}.Debug|x64.ActiveCfg = Debug|Any CPU
		{5CB17299-A49B-4700-BA82-B7AB8C2EF38D}.Debug|x86.ActiveCfg = Debug|Any CPU
		{5CB17299-A49B-4700-BA82-B7AB8C2EF38D}.DVD-5|Any CPU.ActiveCfg = Debug|Any CPU
		{5CB17299-A49B-4700-BA82-B7AB8C2EF38D}.DVD-5|Any CPU.Build.0 = Debug|Any CPU
		{5CB17299-A49B-4700-BA82-B7AB8C2EF38D}.DVD-5|x64.ActiveCfg = Debug|Any CPU
		{5CB17299-A49B-4700-BA82-B7AB8C2EF38D}.DVD-5|x86.ActiveCfg = Debug|Any CPU
		{5CB17299-A49B-4700-BA82-B7AB8C2EF38D}.EVALUATION_COPY|Any CPU.ActiveCfg = EVALUATION_COPY|Any CPU
		{5CB17299-A49B-4700-BA82-B7AB8C2EF38D}.EVALUATION_COPY|Any CPU.Build.0 = EVALUATION_COPY|Any CPU
		{5CB17299-A49B-4700-BA82-B7AB8C2EF38D}.EVALUATION_COPY|x64.ActiveCfg = EVALUATION_COPY|Any CPU
		{5CB17299-A49B-4700-BA82-B7AB8C2EF38D}.EVALUATION_COPY|x64.Build.0 = EVALUATION_COPY|Any CPU
		{5CB17299-A49B-4700-BA82-B7AB8C2EF38D}.EVALUATION_COPY|x86.ActiveCfg = EVALUATION_COPY|Any CPU
		{5CB17299-A49B-4700-BA82-B7AB8C2EF38D}.EVALUATION_COPY|x86.Build.0 = EVALUATION_COPY|Any CPU
		{5CB17299-A49B-4700-BA82-B7AB8C2EF38D}.RDSMove|Any CPU.ActiveCfg = RDSMove|Any CPU
		{5CB17299-A49B-4700-BA82-B7AB8C2EF38D}.RDSMove|Any CPU.Build.0 = RDSMove|Any CPU
		{5CB17299-A49B-4700-BA82-B7AB8C2EF38D}.RDSMove|x64.ActiveCfg = RDSMove|Any CPU
		{5CB17299-A49B-4700-BA82-B7AB8C2EF38D}.RDSMove|x64.Build.0 = RDSMove|Any CPU
		{5CB17299-A49B-4700-BA82-B7AB8C2EF38D}.RDSMove|x86.ActiveCfg = RDSMove|Any CPU
		{5CB17299-A49B-4700-BA82-B7AB8C2EF38D}.RDSMove|x86.Build.0 = RDSMove|Any CPU
		{5CB17299-A49B-4700-BA82-B7AB8C2EF38D}.Release|Any CPU.ActiveCfg = Release|Any CPU
		{5CB17299-A49B-4700-BA82-B7AB8C2EF38D}.Release|Any CPU.Build.0 = Release|Any CPU
		{5CB17299-A49B-4700-BA82-B7AB8C2EF38D}.Release|x64.ActiveCfg = Release|Any CPU
		{5CB17299-A49B-4700-BA82-B7AB8C2EF38D}.Release|x86.ActiveCfg = Release|Any CPU
		{5CB17299-A49B-4700-BA82-B7AB8C2EF38D}.SingleImage|Any CPU.ActiveCfg = Release|Any CPU
		{5CB17299-A49B-4700-BA82-B7AB8C2EF38D}.SingleImage|Any CPU.Build.0 = Release|Any CPU
		{5CB17299-A49B-4700-BA82-B7AB8C2EF38D}.SingleImage|x64.ActiveCfg = Release|Any CPU
		{5CB17299-A49B-4700-BA82-B7AB8C2EF38D}.SingleImage|x86.ActiveCfg = Release|Any CPU
		{69A735E7-AEF6-4F7E-9A60-F75AC4D48EFD}.CD_ROM|Any CPU.ActiveCfg = Release|Any CPU
		{69A735E7-AEF6-4F7E-9A60-F75AC4D48EFD}.CD_ROM|Any CPU.Build.0 = Release|Any CPU
		{69A735E7-AEF6-4F7E-9A60-F75AC4D48EFD}.CD_ROM|x64.ActiveCfg = Release|Any CPU
		{69A735E7-AEF6-4F7E-9A60-F75AC4D48EFD}.CD_ROM|x86.ActiveCfg = Release|Any CPU
		{69A735E7-AEF6-4F7E-9A60-F75AC4D48EFD}.Debug|Any CPU.ActiveCfg = Debug|Any CPU
		{69A735E7-AEF6-4F7E-9A60-F75AC4D48EFD}.Debug|Any CPU.Build.0 = Debug|Any CPU
		{69A735E7-AEF6-4F7E-9A60-F75AC4D48EFD}.Debug|x64.ActiveCfg = Debug|Any CPU
		{69A735E7-AEF6-4F7E-9A60-F75AC4D48EFD}.Debug|x86.ActiveCfg = Debug|Any CPU
		{69A735E7-AEF6-4F7E-9A60-F75AC4D48EFD}.DVD-5|Any CPU.ActiveCfg = Debug|Any CPU
		{69A735E7-AEF6-4F7E-9A60-F75AC4D48EFD}.DVD-5|Any CPU.Build.0 = Debug|Any CPU
		{69A735E7-AEF6-4F7E-9A60-F75AC4D48EFD}.DVD-5|x64.ActiveCfg = Debug|Any CPU
		{69A735E7-AEF6-4F7E-9A60-F75AC4D48EFD}.DVD-5|x86.ActiveCfg = Debug|Any CPU
		{69A735E7-AEF6-4F7E-9A60-F75AC4D48EFD}.EVALUATION_COPY|Any CPU.ActiveCfg = EVALUATION_COPY|Any CPU
		{69A735E7-AEF6-4F7E-9A60-F75AC4D48EFD}.EVALUATION_COPY|Any CPU.Build.0 = EVALUATION_COPY|Any CPU
		{69A735E7-AEF6-4F7E-9A60-F75AC4D48EFD}.EVALUATION_COPY|x64.ActiveCfg = EVALUATION_COPY|Any CPU
		{69A735E7-AEF6-4F7E-9A60-F75AC4D48EFD}.EVALUATION_COPY|x64.Build.0 = EVALUATION_COPY|Any CPU
		{69A735E7-AEF6-4F7E-9A60-F75AC4D48EFD}.EVALUATION_COPY|x86.ActiveCfg = EVALUATION_COPY|Any CPU
		{69A735E7-AEF6-4F7E-9A60-F75AC4D48EFD}.EVALUATION_COPY|x86.Build.0 = EVALUATION_COPY|Any CPU
		{69A735E7-AEF6-4F7E-9A60-F75AC4D48EFD}.RDSMove|Any CPU.ActiveCfg = RDSMove|Any CPU
		{69A735E7-AEF6-4F7E-9A60-F75AC4D48EFD}.RDSMove|Any CPU.Build.0 = RDSMove|Any CPU
		{69A735E7-AEF6-4F7E-9A60-F75AC4D48EFD}.RDSMove|x64.ActiveCfg = RDSMove|Any CPU
		{69A735E7-AEF6-4F7E-9A60-F75AC4D48EFD}.RDSMove|x64.Build.0 = RDSMove|Any CPU
		{69A735E7-AEF6-4F7E-9A60-F75AC4D48EFD}.RDSMove|x86.ActiveCfg = RDSMove|Any CPU
		{69A735E7-AEF6-4F7E-9A60-F75AC4D48EFD}.RDSMove|x86.Build.0 = RDSMove|Any CPU
		{69A735E7-AEF6-4F7E-9A60-F75AC4D48EFD}.Release|Any CPU.ActiveCfg = Release|Any CPU
		{69A735E7-AEF6-4F7E-9A60-F75AC4D48EFD}.Release|Any CPU.Build.0 = Release|Any CPU
		{69A735E7-AEF6-4F7E-9A60-F75AC4D48EFD}.Release|x64.ActiveCfg = Release|Any CPU
		{69A735E7-AEF6-4F7E-9A60-F75AC4D48EFD}.Release|x86.ActiveCfg = Release|Any CPU
		{69A735E7-AEF6-4F7E-9A60-F75AC4D48EFD}.SingleImage|Any CPU.ActiveCfg = Release|Any CPU
		{69A735E7-AEF6-4F7E-9A60-F75AC4D48EFD}.SingleImage|Any CPU.Build.0 = Release|Any CPU
		{69A735E7-AEF6-4F7E-9A60-F75AC4D48EFD}.SingleImage|x64.ActiveCfg = Release|Any CPU
		{69A735E7-AEF6-4F7E-9A60-F75AC4D48EFD}.SingleImage|x86.ActiveCfg = Release|Any CPU
		{6AB7D497-757F-4878-B17B-744C0F20EE06}.CD_ROM|Any CPU.ActiveCfg = Release|Any CPU
		{6AB7D497-757F-4878-B17B-744C0F20EE06}.CD_ROM|Any CPU.Build.0 = Release|Any CPU
		{6AB7D497-757F-4878-B17B-744C0F20EE06}.CD_ROM|x64.ActiveCfg = Release|Any CPU
		{6AB7D497-757F-4878-B17B-744C0F20EE06}.CD_ROM|x86.ActiveCfg = Release|Any CPU
		{6AB7D497-757F-4878-B17B-744C0F20EE06}.Debug|Any CPU.ActiveCfg = Debug|Any CPU
		{6AB7D497-757F-4878-B17B-744C0F20EE06}.Debug|Any CPU.Build.0 = Debug|Any CPU
		{6AB7D497-757F-4878-B17B-744C0F20EE06}.Debug|x64.ActiveCfg = Debug|Any CPU
		{6AB7D497-757F-4878-B17B-744C0F20EE06}.Debug|x86.ActiveCfg = Debug|Any CPU
		{6AB7D497-757F-4878-B17B-744C0F20EE06}.DVD-5|Any CPU.ActiveCfg = Debug|Any CPU
		{6AB7D497-757F-4878-B17B-744C0F20EE06}.DVD-5|Any CPU.Build.0 = Debug|Any CPU
		{6AB7D497-757F-4878-B17B-744C0F20EE06}.DVD-5|x64.ActiveCfg = Debug|Any CPU
		{6AB7D497-757F-4878-B17B-744C0F20EE06}.DVD-5|x86.ActiveCfg = Debug|Any CPU
		{6AB7D497-757F-4878-B17B-744C0F20EE06}.EVALUATION_COPY|Any CPU.ActiveCfg = EVALUATION_COPY|Any CPU
		{6AB7D497-757F-4878-B17B-744C0F20EE06}.EVALUATION_COPY|Any CPU.Build.0 = EVALUATION_COPY|Any CPU
		{6AB7D497-757F-4878-B17B-744C0F20EE06}.EVALUATION_COPY|x64.ActiveCfg = EVALUATION_COPY|Any CPU
		{6AB7D497-757F-4878-B17B-744C0F20EE06}.EVALUATION_COPY|x64.Build.0 = EVALUATION_COPY|Any CPU
		{6AB7D497-757F-4878-B17B-744C0F20EE06}.EVALUATION_COPY|x86.ActiveCfg = EVALUATION_COPY|Any CPU
		{6AB7D497-757F-4878-B17B-744C0F20EE06}.EVALUATION_COPY|x86.Build.0 = EVALUATION_COPY|Any CPU
		{6AB7D497-757F-4878-B17B-744C0F20EE06}.RDSMove|Any CPU.ActiveCfg = RDSMove|Any CPU
		{6AB7D497-757F-4878-B17B-744C0F20EE06}.RDSMove|Any CPU.Build.0 = RDSMove|Any CPU
		{6AB7D497-757F-4878-B17B-744C0F20EE06}.RDSMove|x64.ActiveCfg = RDSMove|Any CPU
		{6AB7D497-757F-4878-B17B-744C0F20EE06}.RDSMove|x64.Build.0 = RDSMove|Any CPU
		{6AB7D497-757F-4878-B17B-744C0F20EE06}.RDSMove|x86.ActiveCfg = RDSMove|Any CPU
		{6AB7D497-757F-4878-B17B-744C0F20EE06}.RDSMove|x86.Build.0 = RDSMove|Any CPU
		{6AB7D497-757F-4878-B17B-744C0F20EE06}.Release|Any CPU.ActiveCfg = Release|Any CPU
		{6AB7D497-757F-4878-B17B-744C0F20EE06}.Release|Any CPU.Build.0 = Release|Any CPU
		{6AB7D497-757F-4878-B17B-744C0F20EE06}.Release|x64.ActiveCfg = Release|Any CPU
		{6AB7D497-757F-4878-B17B-744C0F20EE06}.Release|x86.ActiveCfg = Release|Any CPU
		{6AB7D497-757F-4878-B17B-744C0F20EE06}.SingleImage|Any CPU.ActiveCfg = Release|Any CPU
		{6AB7D497-757F-4878-B17B-744C0F20EE06}.SingleImage|Any CPU.Build.0 = Release|Any CPU
		{6AB7D497-757F-4878-B17B-744C0F20EE06}.SingleImage|x64.ActiveCfg = Release|Any CPU
		{6AB7D497-757F-4878-B17B-744C0F20EE06}.SingleImage|x86.ActiveCfg = Release|Any CPU
		{C815213F-926F-45CA-96DA-F72C36ED23A2}.CD_ROM|Any CPU.ActiveCfg = Release|Any CPU
		{C815213F-926F-45CA-96DA-F72C36ED23A2}.CD_ROM|Any CPU.Build.0 = Release|Any CPU
		{C815213F-926F-45CA-96DA-F72C36ED23A2}.CD_ROM|x64.ActiveCfg = Release|Any CPU
		{C815213F-926F-45CA-96DA-F72C36ED23A2}.CD_ROM|x64.Build.0 = Release|Any CPU
		{C815213F-926F-45CA-96DA-F72C36ED23A2}.CD_ROM|x86.ActiveCfg = Release|Any CPU
		{C815213F-926F-45CA-96DA-F72C36ED23A2}.CD_ROM|x86.Build.0 = Release|Any CPU
		{C815213F-926F-45CA-96DA-F72C36ED23A2}.Debug|Any CPU.ActiveCfg = Debug|Any CPU
		{C815213F-926F-45CA-96DA-F72C36ED23A2}.Debug|Any CPU.Build.0 = Debug|Any CPU
		{C815213F-926F-45CA-96DA-F72C36ED23A2}.Debug|x64.ActiveCfg = Debug|Any CPU
		{C815213F-926F-45CA-96DA-F72C36ED23A2}.Debug|x64.Build.0 = Debug|Any CPU
		{C815213F-926F-45CA-96DA-F72C36ED23A2}.Debug|x86.ActiveCfg = Debug|Any CPU
		{C815213F-926F-45CA-96DA-F72C36ED23A2}.Debug|x86.Build.0 = Debug|Any CPU
		{C815213F-926F-45CA-96DA-F72C36ED23A2}.DVD-5|Any CPU.ActiveCfg = Debug|Any CPU
		{C815213F-926F-45CA-96DA-F72C36ED23A2}.DVD-5|Any CPU.Build.0 = Debug|Any CPU
		{C815213F-926F-45CA-96DA-F72C36ED23A2}.DVD-5|x64.ActiveCfg = Debug|Any CPU
		{C815213F-926F-45CA-96DA-F72C36ED23A2}.DVD-5|x64.Build.0 = Debug|Any CPU
		{C815213F-926F-45CA-96DA-F72C36ED23A2}.DVD-5|x86.ActiveCfg = Debug|Any CPU
		{C815213F-926F-45CA-96DA-F72C36ED23A2}.DVD-5|x86.Build.0 = Debug|Any CPU
		{C815213F-926F-45CA-96DA-F72C36ED23A2}.EVALUATION_COPY|Any CPU.ActiveCfg = EVALUATION_COPY|Any CPU
		{C815213F-926F-45CA-96DA-F72C36ED23A2}.EVALUATION_COPY|Any CPU.Build.0 = EVALUATION_COPY|Any CPU
		{C815213F-926F-45CA-96DA-F72C36ED23A2}.EVALUATION_COPY|x64.ActiveCfg = EVALUATION_COPY|Any CPU
		{C815213F-926F-45CA-96DA-F72C36ED23A2}.EVALUATION_COPY|x64.Build.0 = EVALUATION_COPY|Any CPU
		{C815213F-926F-45CA-96DA-F72C36ED23A2}.EVALUATION_COPY|x86.ActiveCfg = EVALUATION_COPY|Any CPU
		{C815213F-926F-45CA-96DA-F72C36ED23A2}.EVALUATION_COPY|x86.Build.0 = EVALUATION_COPY|Any CPU
		{C815213F-926F-45CA-96DA-F72C36ED23A2}.RDSMove|Any CPU.ActiveCfg = RDSMove|Any CPU
		{C815213F-926F-45CA-96DA-F72C36ED23A2}.RDSMove|Any CPU.Build.0 = RDSMove|Any CPU
		{C815213F-926F-45CA-96DA-F72C36ED23A2}.RDSMove|x64.ActiveCfg = RDSMove|Any CPU
		{C815213F-926F-45CA-96DA-F72C36ED23A2}.RDSMove|x64.Build.0 = RDSMove|Any CPU
		{C815213F-926F-45CA-96DA-F72C36ED23A2}.RDSMove|x86.ActiveCfg = RDSMove|Any CPU
		{C815213F-926F-45CA-96DA-F72C36ED23A2}.RDSMove|x86.Build.0 = RDSMove|Any CPU
		{C815213F-926F-45CA-96DA-F72C36ED23A2}.Release|Any CPU.ActiveCfg = Release|Any CPU
		{C815213F-926F-45CA-96DA-F72C36ED23A2}.Release|Any CPU.Build.0 = Release|Any CPU
		{C815213F-926F-45CA-96DA-F72C36ED23A2}.Release|x64.ActiveCfg = Release|Any CPU
		{C815213F-926F-45CA-96DA-F72C36ED23A2}.Release|x64.Build.0 = Release|Any CPU
		{C815213F-926F-45CA-96DA-F72C36ED23A2}.Release|x86.ActiveCfg = Release|Any CPU
		{C815213F-926F-45CA-96DA-F72C36ED23A2}.Release|x86.Build.0 = Release|Any CPU
		{C815213F-926F-45CA-96DA-F72C36ED23A2}.SingleImage|Any CPU.ActiveCfg = Release|Any CPU
		{C815213F-926F-45CA-96DA-F72C36ED23A2}.SingleImage|Any CPU.Build.0 = Release|Any CPU
		{C815213F-926F-45CA-96DA-F72C36ED23A2}.SingleImage|x64.ActiveCfg = Release|Any CPU
		{C815213F-926F-45CA-96DA-F72C36ED23A2}.SingleImage|x64.Build.0 = Release|Any CPU
		{C815213F-926F-45CA-96DA-F72C36ED23A2}.SingleImage|x86.ActiveCfg = Release|Any CPU
		{C815213F-926F-45CA-96DA-F72C36ED23A2}.SingleImage|x86.Build.0 = Release|Any CPU
		{99C084EC-5E1F-485C-88A8-7C3177A6A39E}.CD_ROM|Any CPU.ActiveCfg = Debug|Any CPU
		{99C084EC-5E1F-485C-88A8-7C3177A6A39E}.CD_ROM|Any CPU.Build.0 = Debug|Any CPU
		{99C084EC-5E1F-485C-88A8-7C3177A6A39E}.CD_ROM|x64.ActiveCfg = Debug|Any CPU
		{99C084EC-5E1F-485C-88A8-7C3177A6A39E}.CD_ROM|x64.Build.0 = Debug|Any CPU
		{99C084EC-5E1F-485C-88A8-7C3177A6A39E}.CD_ROM|x86.ActiveCfg = Debug|Any CPU
		{99C084EC-5E1F-485C-88A8-7C3177A6A39E}.CD_ROM|x86.Build.0 = Debug|Any CPU
		{99C084EC-5E1F-485C-88A8-7C3177A6A39E}.Debug|Any CPU.ActiveCfg = Debug|Any CPU
		{99C084EC-5E1F-485C-88A8-7C3177A6A39E}.Debug|Any CPU.Build.0 = Debug|Any CPU
		{99C084EC-5E1F-485C-88A8-7C3177A6A39E}.Debug|x64.ActiveCfg = Debug|Any CPU
		{99C084EC-5E1F-485C-88A8-7C3177A6A39E}.Debug|x64.Build.0 = Debug|Any CPU
		{99C084EC-5E1F-485C-88A8-7C3177A6A39E}.Debug|x86.ActiveCfg = Debug|Any CPU
		{99C084EC-5E1F-485C-88A8-7C3177A6A39E}.Debug|x86.Build.0 = Debug|Any CPU
		{99C084EC-5E1F-485C-88A8-7C3177A6A39E}.DVD-5|Any CPU.ActiveCfg = Debug|Any CPU
		{99C084EC-5E1F-485C-88A8-7C3177A6A39E}.DVD-5|Any CPU.Build.0 = Debug|Any CPU
		{99C084EC-5E1F-485C-88A8-7C3177A6A39E}.DVD-5|x64.ActiveCfg = Debug|Any CPU
		{99C084EC-5E1F-485C-88A8-7C3177A6A39E}.DVD-5|x64.Build.0 = Debug|Any CPU
		{99C084EC-5E1F-485C-88A8-7C3177A6A39E}.DVD-5|x86.ActiveCfg = Debug|Any CPU
		{99C084EC-5E1F-485C-88A8-7C3177A6A39E}.DVD-5|x86.Build.0 = Debug|Any CPU
		{99C084EC-5E1F-485C-88A8-7C3177A6A39E}.EVALUATION_COPY|Any CPU.ActiveCfg = EVALUATION_COPY|Any CPU
		{99C084EC-5E1F-485C-88A8-7C3177A6A39E}.EVALUATION_COPY|Any CPU.Build.0 = EVALUATION_COPY|Any CPU
		{99C084EC-5E1F-485C-88A8-7C3177A6A39E}.EVALUATION_COPY|x64.ActiveCfg = EVALUATION_COPY|Any CPU
		{99C084EC-5E1F-485C-88A8-7C3177A6A39E}.EVALUATION_COPY|x64.Build.0 = EVALUATION_COPY|Any CPU
		{99C084EC-5E1F-485C-88A8-7C3177A6A39E}.EVALUATION_COPY|x86.ActiveCfg = EVALUATION_COPY|Any CPU
		{99C084EC-5E1F-485C-88A8-7C3177A6A39E}.EVALUATION_COPY|x86.Build.0 = EVALUATION_COPY|Any CPU
		{99C084EC-5E1F-485C-88A8-7C3177A6A39E}.RDSMove|Any CPU.ActiveCfg = Release|Any CPU
		{99C084EC-5E1F-485C-88A8-7C3177A6A39E}.RDSMove|Any CPU.Build.0 = Release|Any CPU
		{99C084EC-5E1F-485C-88A8-7C3177A6A39E}.RDSMove|x64.ActiveCfg = Release|Any CPU
		{99C084EC-5E1F-485C-88A8-7C3177A6A39E}.RDSMove|x64.Build.0 = Release|Any CPU
		{99C084EC-5E1F-485C-88A8-7C3177A6A39E}.RDSMove|x86.ActiveCfg = Release|Any CPU
		{99C084EC-5E1F-485C-88A8-7C3177A6A39E}.RDSMove|x86.Build.0 = Release|Any CPU
		{99C084EC-5E1F-485C-88A8-7C3177A6A39E}.Release|Any CPU.ActiveCfg = Release|Any CPU
		{99C084EC-5E1F-485C-88A8-7C3177A6A39E}.Release|Any CPU.Build.0 = Release|Any CPU
		{99C084EC-5E1F-485C-88A8-7C3177A6A39E}.Release|x64.ActiveCfg = Release|Any CPU
		{99C084EC-5E1F-485C-88A8-7C3177A6A39E}.Release|x64.Build.0 = Release|Any CPU
		{99C084EC-5E1F-485C-88A8-7C3177A6A39E}.Release|x86.ActiveCfg = Release|Any CPU
		{99C084EC-5E1F-485C-88A8-7C3177A6A39E}.Release|x86.Build.0 = Release|Any CPU
		{99C084EC-5E1F-485C-88A8-7C3177A6A39E}.SingleImage|Any CPU.ActiveCfg = Debug|Any CPU
		{99C084EC-5E1F-485C-88A8-7C3177A6A39E}.SingleImage|Any CPU.Build.0 = Debug|Any CPU
		{99C084EC-5E1F-485C-88A8-7C3177A6A39E}.SingleImage|x64.ActiveCfg = Debug|Any CPU
		{99C084EC-5E1F-485C-88A8-7C3177A6A39E}.SingleImage|x64.Build.0 = Debug|Any CPU
		{99C084EC-5E1F-485C-88A8-7C3177A6A39E}.SingleImage|x86.ActiveCfg = Debug|Any CPU
		{99C084EC-5E1F-485C-88A8-7C3177A6A39E}.SingleImage|x86.Build.0 = Debug|Any CPU
		{CB7BC39B-FE29-404F-8DD7-31E03A585FC7}.CD_ROM|Any CPU.ActiveCfg = Debug|Any CPU
		{CB7BC39B-FE29-404F-8DD7-31E03A585FC7}.CD_ROM|Any CPU.Build.0 = Debug|Any CPU
		{CB7BC39B-FE29-404F-8DD7-31E03A585FC7}.CD_ROM|x64.ActiveCfg = Debug|Any CPU
		{CB7BC39B-FE29-404F-8DD7-31E03A585FC7}.CD_ROM|x64.Build.0 = Debug|Any CPU
		{CB7BC39B-FE29-404F-8DD7-31E03A585FC7}.CD_ROM|x86.ActiveCfg = Debug|Any CPU
		{CB7BC39B-FE29-404F-8DD7-31E03A585FC7}.CD_ROM|x86.Build.0 = Debug|Any CPU
		{CB7BC39B-FE29-404F-8DD7-31E03A585FC7}.Debug|Any CPU.ActiveCfg = Debug|Any CPU
		{CB7BC39B-FE29-404F-8DD7-31E03A585FC7}.Debug|Any CPU.Build.0 = Debug|Any CPU
		{CB7BC39B-FE29-404F-8DD7-31E03A585FC7}.Debug|x64.ActiveCfg = Debug|Any CPU
		{CB7BC39B-FE29-404F-8DD7-31E03A585FC7}.Debug|x64.Build.0 = Debug|Any CPU
		{CB7BC39B-FE29-404F-8DD7-31E03A585FC7}.Debug|x86.ActiveCfg = Debug|Any CPU
		{CB7BC39B-FE29-404F-8DD7-31E03A585FC7}.Debug|x86.Build.0 = Debug|Any CPU
		{CB7BC39B-FE29-404F-8DD7-31E03A585FC7}.DVD-5|Any CPU.ActiveCfg = Debug|Any CPU
		{CB7BC39B-FE29-404F-8DD7-31E03A585FC7}.DVD-5|Any CPU.Build.0 = Debug|Any CPU
		{CB7BC39B-FE29-404F-8DD7-31E03A585FC7}.DVD-5|x64.ActiveCfg = Debug|Any CPU
		{CB7BC39B-FE29-404F-8DD7-31E03A585FC7}.DVD-5|x64.Build.0 = Debug|Any CPU
		{CB7BC39B-FE29-404F-8DD7-31E03A585FC7}.DVD-5|x86.ActiveCfg = Debug|Any CPU
		{CB7BC39B-FE29-404F-8DD7-31E03A585FC7}.DVD-5|x86.Build.0 = Debug|Any CPU
		{CB7BC39B-FE29-404F-8DD7-31E03A585FC7}.EVALUATION_COPY|Any CPU.ActiveCfg = Release|Any CPU
		{CB7BC39B-FE29-404F-8DD7-31E03A585FC7}.EVALUATION_COPY|Any CPU.Build.0 = Release|Any CPU
		{CB7BC39B-FE29-404F-8DD7-31E03A585FC7}.EVALUATION_COPY|x64.ActiveCfg = Release|Any CPU
		{CB7BC39B-FE29-404F-8DD7-31E03A585FC7}.EVALUATION_COPY|x64.Build.0 = Release|Any CPU
		{CB7BC39B-FE29-404F-8DD7-31E03A585FC7}.EVALUATION_COPY|x86.ActiveCfg = Release|Any CPU
		{CB7BC39B-FE29-404F-8DD7-31E03A585FC7}.EVALUATION_COPY|x86.Build.0 = Release|Any CPU
		{CB7BC39B-FE29-404F-8DD7-31E03A585FC7}.RDSMove|Any CPU.ActiveCfg = Release|Any CPU
		{CB7BC39B-FE29-404F-8DD7-31E03A585FC7}.RDSMove|Any CPU.Build.0 = Release|Any CPU
		{CB7BC39B-FE29-404F-8DD7-31E03A585FC7}.RDSMove|x64.ActiveCfg = Release|Any CPU
		{CB7BC39B-FE29-404F-8DD7-31E03A585FC7}.RDSMove|x64.Build.0 = Release|Any CPU
		{CB7BC39B-FE29-404F-8DD7-31E03A585FC7}.RDSMove|x86.ActiveCfg = Release|Any CPU
		{CB7BC39B-FE29-404F-8DD7-31E03A585FC7}.RDSMove|x86.Build.0 = Release|Any CPU
		{CB7BC39B-FE29-404F-8DD7-31E03A585FC7}.Release|Any CPU.ActiveCfg = Release|Any CPU
		{CB7BC39B-FE29-404F-8DD7-31E03A585FC7}.Release|Any CPU.Build.0 = Release|Any CPU
		{CB7BC39B-FE29-404F-8DD7-31E03A585FC7}.Release|x64.ActiveCfg = Release|Any CPU
		{CB7BC39B-FE29-404F-8DD7-31E03A585FC7}.Release|x64.Build.0 = Release|Any CPU
		{CB7BC39B-FE29-404F-8DD7-31E03A585FC7}.Release|x86.ActiveCfg = Release|Any CPU
		{CB7BC39B-FE29-404F-8DD7-31E03A585FC7}.Release|x86.Build.0 = Release|Any CPU
		{CB7BC39B-FE29-404F-8DD7-31E03A585FC7}.SingleImage|Any CPU.ActiveCfg = Debug|Any CPU
		{CB7BC39B-FE29-404F-8DD7-31E03A585FC7}.SingleImage|Any CPU.Build.0 = Debug|Any CPU
		{CB7BC39B-FE29-404F-8DD7-31E03A585FC7}.SingleImage|x64.ActiveCfg = Debug|Any CPU
		{CB7BC39B-FE29-404F-8DD7-31E03A585FC7}.SingleImage|x64.Build.0 = Debug|Any CPU
		{CB7BC39B-FE29-404F-8DD7-31E03A585FC7}.SingleImage|x86.ActiveCfg = Debug|Any CPU
		{CB7BC39B-FE29-404F-8DD7-31E03A585FC7}.SingleImage|x86.Build.0 = Debug|Any CPU
	EndGlobalSection
	GlobalSection(SolutionProperties) = preSolution
		HideSolutionNode = FALSE
	EndGlobalSection
	GlobalSection(ExtensibilityGlobals) = postSolution
		SolutionGuid = {B6BD2F81-C8A4-46BE-BAE2-D04ABDCA3BFE}
	EndGlobalSection
EndGlobal
